
Microsoft Visual Studio Solution File, Format Version 12.00
# Visual Studio Version 17
VisualStudioVersion = 17.7.34031.279
MinimumVisualStudioVersion = 10.0.40219.1
Project("{FAE04EC0-301F-11D3-BF4B-00C04F79EFBC}") = "ClientForms", "ClientForms\ClientForms.csproj", "{49544F46-DB3F-4DCC-8A5C-B1E25A893ACF}"
EndProject
Global
	GlobalSection(SolutionConfigurationPlatforms) = preSolution
		Debug|Any CPU = Debug|Any CPU
		Release|Any CPU = Release|Any CPU
	EndGlobalSection
	GlobalSection(ProjectConfigurationPlatforms) = postSolution
		{49544F46-DB3F-4DCC-8A5C-B1E25A893ACF}.Debug|Any CPU.ActiveCfg = Debug|Any CPU
		{49544F46-DB3F-4DCC-8A5C-B1E25A893ACF}.Debug|Any CPU.Build.0 = Debug|Any CPU
		{49544F46-DB3F-4DCC-8A5C-B1E25A893ACF}.Release|Any CPU.ActiveCfg = Release|Any CPU
		{49544F46-DB3F-4DCC-8A5C-B1E25A893ACF}.Release|Any CPU.Build.0 = Release|Any CPU
	EndGlobalSection
	GlobalSection(SolutionProperties) = preSolution
		HideSolutionNode = FALSE
	EndGlobalSection
	GlobalSection(ExtensibilityGlobals) = postSolution
		SolutionGuid = {0F6BA939-8B05-41B8-8224-312180D59E1E}
	EndGlobalSection
EndGlobal
